
Microsoft Visual Studio Solution File, Format Version 12.00
# Visual Studio Version 16
VisualStudioVersion = 16.0.28809.33
MinimumVisualStudioVersion = 10.0.40219.1
Project("{9A19103F-16F7-4668-BE54-9A1E7A4F7556}") = "Bridges.Front", "BridgeFront\Bridges.Front.csproj", "{D4FA19AC-4E40-4B10-A5DC-56BB2423B9D7}"
EndProject
Project("{FAE04EC0-301F-11D3-BF4B-00C04F79EFBC}") = "Bridges.Core", "BridgeCore\Bridges.Core.csproj", "{7447EF88-9D65-4692-A88F-16FE293BC7AF}"
EndProject
Project("{FAE04EC0-301F-11D3-BF4B-00C04F79EFBC}") = "Bridges.Services", "Bridges.Services\Bridges.Services.csproj", "{8B1885C5-E33F-40B2-9077-1E71BD23632B}"
EndProject
Global
	GlobalSection(SolutionConfigurationPlatforms) = preSolution
		Debug|Any CPU = Debug|Any CPU
		Release|Any CPU = Release|Any CPU
	EndGlobalSection
	GlobalSection(ProjectConfigurationPlatforms) = postSolution
		{D4FA19AC-4E40-4B10-A5DC-56BB2423B9D7}.Debug|Any CPU.ActiveCfg = Debug|Any CPU
		{D4FA19AC-4E40-4B10-A5DC-56BB2423B9D7}.Debug|Any CPU.Build.0 = Debug|Any CPU
		{D4FA19AC-4E40-4B10-A5DC-56BB2423B9D7}.Release|Any CPU.ActiveCfg = Release|Any CPU
		{D4FA19AC-4E40-4B10-A5DC-56BB2423B9D7}.Release|Any CPU.Build.0 = Release|Any CPU
		{7447EF88-9D65-4692-A88F-16FE293BC7AF}.Debug|Any CPU.ActiveCfg = Debug|Any CPU
		{7447EF88-9D65-4692-A88F-16FE293BC7AF}.Debug|Any CPU.Build.0 = Debug|Any CPU
		{7447EF88-9D65-4692-A88F-16FE293BC7AF}.Release|Any CPU.ActiveCfg = Release|Any CPU
		{7447EF88-9D65-4692-A88F-16FE293BC7AF}.Release|Any CPU.Build.0 = Release|Any CPU
		{8B1885C5-E33F-40B2-9077-1E71BD23632B}.Debug|Any CPU.ActiveCfg = Debug|Any CPU
		{8B1885C5-E33F-40B2-9077-1E71BD23632B}.Debug|Any CPU.Build.0 = Debug|Any CPU
		{8B1885C5-E33F-40B2-9077-1E71BD23632B}.Release|Any CPU.ActiveCfg = Release|Any CPU
		{8B1885C5-E33F-40B2-9077-1E71BD23632B}.Release|Any CPU.Build.0 = Release|Any CPU
	EndGlobalSection
	GlobalSection(SolutionProperties) = preSolution
		HideSolutionNode = FALSE
	EndGlobalSection
	GlobalSection(ExtensibilityGlobals) = postSolution
		SolutionGuid = {727EBDB4-B902-4F9A-816F-A90502336C0B}
	EndGlobalSection
EndGlobal
